
Microsoft Visual Studio Solution File, Format Version 12.00
# Visual Studio Version 17
VisualStudioVersion = 17.10.34928.147
MinimumVisualStudioVersion = 10.0.40219.1
Project("{FAE04EC0-301F-11D3-BF4B-00C04F79EFBC}") = "Foam_Calculator", "Foam_Calculator.csproj", "{4A1AFA39-8895-45AD-BFA2-F8280934246B}"
EndProject
Project("{FAE04EC0-301F-11D3-BF4B-00C04F79EFBC}") = "Foam_Calculator.Tests", "..\Foam_Calculator.Tests\Foam_Calculator.Tests.csproj", "{2CE411AB-2C31-4652-B734-6D66416EFD81}"
EndProject
Global
	GlobalSection(SolutionConfigurationPlatforms) = preSolution
		Debug|Any CPU = Debug|Any CPU
		Release|Any CPU = Release|Any CPU
	EndGlobalSection
	GlobalSection(ProjectConfigurationPlatforms) = postSolution
		{4A1AFA39-8895-45AD-BFA2-F8280934246B}.Debug|Any CPU.ActiveCfg = Debug|Any CPU
		{4A1AFA39-8895-45AD-BFA2-F8280934246B}.Debug|Any CPU.Build.0 = Debug|Any CPU
		{4A1AFA39-8895-45AD-BFA2-F8280934246B}.Release|Any CPU.ActiveCfg = Release|Any CPU
		{4A1AFA39-8895-45AD-BFA2-F8280934246B}.Release|Any CPU.Build.0 = Release|Any CPU
		{2CE411AB-2C31-4652-B734-6D66416EFD81}.Debug|Any CPU.ActiveCfg = Debug|Any CPU
		{2CE411AB-2C31-4652-B734-6D66416EFD81}.Debug|Any CPU.Build.0 = Debug|Any CPU
		{2CE411AB-2C31-4652-B734-6D66416EFD81}.Release|Any CPU.ActiveCfg = Release|Any CPU
		{2CE411AB-2C31-4652-B734-6D66416EFD81}.Release|Any CPU.Build.0 = Release|Any CPU
	EndGlobalSection
	GlobalSection(SolutionProperties) = preSolution
		HideSolutionNode = FALSE
	EndGlobalSection
	GlobalSection(ExtensibilityGlobals) = postSolution
		SolutionGuid = {83BCA20B-D43F-4E21-A066-8C8F940AF4DB}
	EndGlobalSection
EndGlobal
